
Microsoft Visual Studio Solution File, Format Version 12.00
# Visual Studio Version 17
VisualStudioVersion = 17.4.33213.308
MinimumVisualStudioVersion = 10.0.40219.1
Project("{2150E333-8FDC-42A3-9474-1A3956D46DE8}") = "Solution Items", "Solution Items", "{466D9D6F-B72C-4239-8293-9F00CFCD7F53}"
	ProjectSection(SolutionItems) = preProject
		..\README.md = ..\README.md
	EndProjectSection
EndProject
Project("{9A19103F-16F7-4668-BE54-9A1E7A4F7556}") = "ZoomNet", "ZoomNet\ZoomNet.csproj", "{DBEC5425-7E6D-49C7-BAA2-81971DA8ED8F}"
EndProject
Project("{9A19103F-16F7-4668-BE54-9A1E7A4F7556}") = "ZoomNet.UnitTests", "ZoomNet.UnitTests\ZoomNet.UnitTests.csproj", "{605D7C37-6C78-45DE-B19B-8EF172687DBE}"
EndProject
Project("{9A19103F-16F7-4668-BE54-9A1E7A4F7556}") = "ZoomNet.IntegrationTests", "ZoomNet.IntegrationTests\ZoomNet.IntegrationTests.csproj", "{270D6775-D07D-43A6-BDB5-845B6E2C6D0B}"
EndProject
Global
	GlobalSection(SolutionConfigurationPlatforms) = preSolution
		Debug|Any CPU = Debug|Any CPU
		Release|Any CPU = Release|Any CPU
	EndGlobalSection
	GlobalSection(ProjectConfigurationPlatforms) = postSolution
		{DBEC5425-7E6D-49C7-BAA2-81971DA8ED8F}.Debug|Any CPU.ActiveCfg = Debug|Any CPU
		{DBEC5425-7E6D-49C7-BAA2-81971DA8ED8F}.Debug|Any CPU.Build.0 = Debug|Any CPU
		{DBEC5425-7E6D-49C7-BAA2-81971DA8ED8F}.Release|Any CPU.ActiveCfg = Release|Any CPU
		{DBEC5425-7E6D-49C7-BAA2-81971DA8ED8F}.Release|Any CPU.Build.0 = Release|Any CPU
		{605D7C37-6C78-45DE-B19B-8EF172687DBE}.Debug|Any CPU.ActiveCfg = Debug|Any CPU
		{605D7C37-6C78-45DE-B19B-8EF172687DBE}.Debug|Any CPU.Build.0 = Debug|Any CPU
		{605D7C37-6C78-45DE-B19B-8EF172687DBE}.Release|Any CPU.ActiveCfg = Release|Any CPU
		{605D7C37-6C78-45DE-B19B-8EF172687DBE}.Release|Any CPU.Build.0 = Release|Any CPU
		{270D6775-D07D-43A6-BDB5-845B6E2C6D0B}.Debug|Any CPU.ActiveCfg = Debug|Any CPU
		{270D6775-D07D-43A6-BDB5-845B6E2C6D0B}.Debug|Any CPU.Build.0 = Debug|Any CPU
		{270D6775-D07D-43A6-BDB5-845B6E2C6D0B}.Release|Any CPU.ActiveCfg = Release|Any CPU
		{270D6775-D07D-43A6-BDB5-845B6E2C6D0B}.Release|Any CPU.Build.0 = Release|Any CPU
	EndGlobalSection
	GlobalSection(SolutionProperties) = preSolution
		HideSolutionNode = FALSE
	EndGlobalSection
	GlobalSection(ExtensibilityGlobals) = postSolution
		SolutionGuid = {BA63CED4-60E8-45F7-BC86-116E79B9CB86}
	EndGlobalSection
EndGlobal
